
Microsoft Visual Studio Solution File, Format Version 12.00
# Visual Studio 15
VisualStudioVersion = 15.0.28010.2026
MinimumVisualStudioVersion = 10.0.40219.1
Project("{FAE04EC0-301F-11D3-BF4B-00C04F79EFBC}") = "HotelsProvider", "HotelsProvider\HotelsProvider.csproj", "{39ECD297-38D9-4F77-A5F7-5B775768E9EF}"
EndProject
Project("{FAE04EC0-301F-11D3-BF4B-00C04F79EFBC}") = "CassandraDatabase", "CassandraDatabase\CassandraDatabase.csproj", "{0CBD1E31-E060-439C-8B9D-BA1C340703E6}"
EndProject
Global
	GlobalSection(SolutionConfigurationPlatforms) = preSolution
		Debug|Any CPU = Debug|Any CPU
		Release|Any CPU = Release|Any CPU
	EndGlobalSection
	GlobalSection(ProjectConfigurationPlatforms) = postSolution
		{39ECD297-38D9-4F77-A5F7-5B775768E9EF}.Debug|Any CPU.ActiveCfg = Debug|Any CPU
		{39ECD297-38D9-4F77-A5F7-5B775768E9EF}.Debug|Any CPU.Build.0 = Debug|Any CPU
		{39ECD297-38D9-4F77-A5F7-5B775768E9EF}.Release|Any CPU.ActiveCfg = Release|Any CPU
		{39ECD297-38D9-4F77-A5F7-5B775768E9EF}.Release|Any CPU.Build.0 = Release|Any CPU
		{0CBD1E31-E060-439C-8B9D-BA1C340703E6}.Debug|Any CPU.ActiveCfg = Debug|Any CPU
		{0CBD1E31-E060-439C-8B9D-BA1C340703E6}.Debug|Any CPU.Build.0 = Debug|Any CPU
		{0CBD1E31-E060-439C-8B9D-BA1C340703E6}.Release|Any CPU.ActiveCfg = Release|Any CPU
		{0CBD1E31-E060-439C-8B9D-BA1C340703E6}.Release|Any CPU.Build.0 = Release|Any CPU
	EndGlobalSection
	GlobalSection(SolutionProperties) = preSolution
		HideSolutionNode = FALSE
	EndGlobalSection
	GlobalSection(ExtensibilityGlobals) = postSolution
		SolutionGuid = {7D6C22A9-DC38-4262-B6BB-0A6D493AA564}
	EndGlobalSection
EndGlobal
